
Microsoft Visual Studio Solution File, Format Version 11.00
# Visual Studio 2010
Project("{FAE04EC0-301F-11D3-BF4B-00C04F79EFBC}") = "Assembly-CSharp", "Assembly-CSharp.csproj", "{fc76a157-37e6-554e-099c-60466edeffc7}"
EndProject
Project("{FAE04EC0-301F-11D3-BF4B-00C04F79EFBC}") = "Assembly-CSharp-Editor", "Assembly-CSharp-Editor.csproj", "{94aeb9fd-c999-ded6-cb63-9a50ed95deec}"
EndProject
Global
	GlobalSection(SolutionConfigurationPlatforms) = preSolution
		Debug|Any CPU = Debug|Any CPU
	EndGlobalSection
	GlobalSection(ProjectConfigurationPlatforms) = postSolution
		{fc76a157-37e6-554e-099c-60466edeffc7}.Debug|Any CPU.ActiveCfg = Debug|Any CPU
		{fc76a157-37e6-554e-099c-60466edeffc7}.Debug|Any CPU.Build.0 = Debug|Any CPU
		{94aeb9fd-c999-ded6-cb63-9a50ed95deec}.Debug|Any CPU.ActiveCfg = Debug|Any CPU
		{94aeb9fd-c999-ded6-cb63-9a50ed95deec}.Debug|Any CPU.Build.0 = Debug|Any CPU
	EndGlobalSection
	GlobalSection(SolutionProperties) = preSolution
		HideSolutionNode = FALSE
	EndGlobalSection
EndGlobal
